{
  "nodes": {
    "nixpkgs": {
      "locked": {
        "lastModified": 1648553562,
        "narHash": "sha256-xQhRKu6h0phd56oCzGjkhHkY4eDI1XKedGqkFtlXapk=",
        "owner": "NixOS",
        "repo": "nixpkgs",
        "rev": "9b168e5e62406fa2e55e132f390379a6ba22b402",
        "type": "github"
      },
      "original": {
        "owner": "NixOS",
        "ref": "nixos-21.11",
        "repo": "nixpkgs",
        "type": "github"
      }
    },
    "root": {
      "inputs": {
        "nixpkgs": "nixpkgs",
        "sipyco": "sipyco",
        "thorlabs-tsi-sdk": "thorlabs-tsi-sdk"
      }
    },
    "sipyco": {
      "inputs": {
        "nixpkgs": [
          "nixpkgs"
        ]
      },
      "locked": {
        "lastModified": 1647688038,
        "narHash": "sha256-IceTSKu1sQB8sFmDTzvmurlEHWL1cV29N0mUY5F7vUY=",
        "owner": "m-labs",
        "repo": "sipyco",
        "rev": "1a9a3062451f5c5b125b006d1b9bee997f986abd",
        "type": "github"
      },
      "original": {
        "owner": "m-labs",
        "repo": "sipyco",
        "type": "github"
      }
    },
    "thorlabs-tsi-sdk": {
      "inputs": {
        "nixpkgs": [
          "nixpkgs"
        ]
      },
      "locked": {
        "lastModified": 1648658597,
        "narHash": "sha256-MbcRttrZH5i20w+KlXxcmTU7TQErRCCha43JDPWYQyg=",
        "ref": "master",
        "rev": "3a988a0ef37adbcda87ab69edc1a243dc27870d0",
        "revCount": 2,
        "type": "git",
        "url": "https://gitlab.com/aion-physics/code/artiq/drivers/thorlabs-tsi-sdk"
      },
      "original": {
        "type": "git",
        "url": "https://gitlab.com/aion-physics/code/artiq/drivers/thorlabs-tsi-sdk"
      }
    }
  },
  "root": "root",
  "version": 7
}
