{
  "nodes": {
    "nixpkgs": {
      "locked": {
        "lastModified": 1648203577,
        "narHash": "sha256-CbXZkiVTA0ByV/yncFHCAGIa/AfcSb0cjqzEa56rO+Y=",
        "owner": "NixOS",
        "repo": "nixpkgs",
        "rev": "d89f18a17e51532ed5f4d45297b0ddf11e46b9c8",
        "type": "github"
      },
      "original": {
        "owner": "NixOS",
        "ref": "nixos-21.11",
        "repo": "nixpkgs",
        "type": "github"
      }
    },
    "root": {
      "inputs": {
        "nixpkgs": "nixpkgs",
        "sipyco": "sipyco",
        "thorlabs-tsi-sdk": "thorlabs-tsi-sdk"
      }
    },
    "sipyco": {
      "inputs": {
        "nixpkgs": [
          "nixpkgs"
        ]
      },
      "locked": {
        "lastModified": 1647688038,
        "narHash": "sha256-IceTSKu1sQB8sFmDTzvmurlEHWL1cV29N0mUY5F7vUY=",
        "owner": "m-labs",
        "repo": "sipyco",
        "rev": "1a9a3062451f5c5b125b006d1b9bee997f986abd",
        "type": "github"
      },
      "original": {
        "owner": "m-labs",
        "repo": "sipyco",
        "type": "github"
      }
    },
    "thorlabs-tsi-sdk": {
      "inputs": {
        "nixpkgs": [
          "nixpkgs"
        ]
      },
      "locked": {
        "lastModified": 1648556886,
        "narHash": "sha256-VDzxJPRp18OAjVlH8doXKrfSuXxNewNWHVjsG1VRA1A=",
        "ref": "master",
        "rev": "252153740990cf3c627f8a3e7f222809acfecab6",
        "revCount": 1,
        "type": "git",
        "url": "https://gitlab.com/aion-physics/code/artiq/drivers/thorlabs-tsi-sdk"
      },
      "original": {
        "type": "git",
        "url": "https://gitlab.com/aion-physics/code/artiq/drivers/thorlabs-tsi-sdk"
      }
    }
  },
  "root": "root",
  "version": 7
}
